
Microsoft Visual Studio Solution File, Format Version 12.00
# Visual Studio Version 16
VisualStudioVersion = 16.0.31702.278
MinimumVisualStudioVersion = 10.0.40219.1
Project("{8BC9CEB8-8B4A-11D0-8D11-00A0C91BC942}") = "Arrays", "Arrays\Arrays.vcxproj", "{4AE9D638-32D2-406A-910D-6DC679EE9E58}"
EndProject
Global
	GlobalSection(SolutionConfigurationPlatforms) = preSolution
		Debug|x64 = Debug|x64
		Debug|x86 = Debug|x86
		Release|x64 = Release|x64
		Release|x86 = Release|x86
	EndGlobalSection
	GlobalSection(ProjectConfigurationPlatforms) = postSolution
		{4AE9D638-32D2-406A-910D-6DC679EE9E58}.Debug|x64.ActiveCfg = Debug|x64
		{4AE9D638-32D2-406A-910D-6DC679EE9E58}.Debug|x64.Build.0 = Debug|x64
		{4AE9D638-32D2-406A-910D-6DC679EE9E58}.Debug|x86.ActiveCfg = Debug|Win32
		{4AE9D638-32D2-406A-910D-6DC679EE9E58}.Debug|x86.Build.0 = Debug|Win32
		{4AE9D638-32D2-406A-910D-6DC679EE9E58}.Release|x64.ActiveCfg = Release|x64
		{4AE9D638-32D2-406A-910D-6DC679EE9E58}.Release|x64.Build.0 = Release|x64
		{4AE9D638-32D2-406A-910D-6DC679EE9E58}.Release|x86.ActiveCfg = Release|Win32
		{4AE9D638-32D2-406A-910D-6DC679EE9E58}.Release|x86.Build.0 = Release|Win32
	EndGlobalSection
	GlobalSection(SolutionProperties) = preSolution
		HideSolutionNode = FALSE
	EndGlobalSection
	GlobalSection(ExtensibilityGlobals) = postSolution
		SolutionGuid = {8889A949-EC56-4A2C-8DE4-03BD5DD46664}
	EndGlobalSection
EndGlobal
